// !$*UTF8*$!
{
	archiveVersion = 1;
	classes = {
	};
	objectVersion = 46;
	objects = {

/* Begin PBXBuildFile section */
		3DC1DE971A1BFE4100D657AF /* main.c in Sources */ = {isa = PBXBuildFile; fileRef = 3DC1DE961A1BFE4100D657AF /* main.c */; };
		3DC1DEA21A1BFE6A00D657AF /* matrix.c in Sources */ = {isa = PBXBuildFile; fileRef = 3DC1DE9F1A1BFE6A00D657AF /* matrix.c */; };
		3DC1DEA81A1C12C600D657AF /* math_util.c in Sources */ = {isa = PBXBuildFile; fileRef = 3DC1DEA61A1C12C600D657AF /* math_util.c */; };
		3DC1DEAD1A1C141600D657AF /* point.c in Sources */ = {isa = PBXBuildFile; fileRef = 3DC1DEAB1A1C141500D657AF /* point.c */; };
/* End PBXBuildFile section */

/* Begin PBXCopyFilesBuildPhase section */
		3DC1DE911A1BFE4100D657AF /* CopyFiles */ = {
			isa = PBXCopyFilesBuildPhase;
			buildActionMask = 2147483647;
			dstPath = /usr/share/man/man1/;
			dstSubfolderSpec = 0;
			files = (
			);
			runOnlyForDeploymentPostprocessing = 1;
		};
/* End PBXCopyFilesBuildPhase section */

/* Begin PBXFileReference section */
		3D91B0401A1D2F4A00F0D171 /* StarsA.csv */ = {isa = PBXFileReference; fileEncoding = 4; lastKnownFileType = text; path = StarsA.csv; sourceTree = "<group>"; };
		3DC1DE931A1BFE4100D657AF /* Matrix */ = {isa = PBXFileReference; explicitFileType = "compiled.mach-o.executable"; includeInIndex = 0; path = Matrix; sourceTree = BUILT_PRODUCTS_DIR; };
		3DC1DE961A1BFE4100D657AF /* main.c */ = {isa = PBXFileReference; lastKnownFileType = sourcecode.c.c; path = main.c; sourceTree = "<group>"; };
		3DC1DE9F1A1BFE6A00D657AF /* matrix.c */ = {isa = PBXFileReference; fileEncoding = 4; lastKnownFileType = sourcecode.c.c; path = matrix.c; sourceTree = "<group>"; };
		3DC1DEA01A1BFE6A00D657AF /* matrix.h */ = {isa = PBXFileReference; fileEncoding = 4; lastKnownFileType = sourcecode.c.h; path = matrix.h; sourceTree = "<group>"; };
		3DC1DEA51A1C122100D657AF /* MathUtil */ = {isa = PBXFileReference; fileEncoding = 4; lastKnownFileType = text; path = MathUtil; sourceTree = "<group>"; };
		3DC1DEA61A1C12C600D657AF /* math_util.c */ = {isa = PBXFileReference; fileEncoding = 4; lastKnownFileType = sourcecode.c.c; path = math_util.c; sourceTree = "<group>"; };
		3DC1DEA71A1C12C600D657AF /* math_util.h */ = {isa = PBXFileReference; fileEncoding = 4; lastKnownFileType = sourcecode.c.h; path = math_util.h; sourceTree = "<group>"; };
		3DC1DEAB1A1C141500D657AF /* point.c */ = {isa = PBXFileReference; fileEncoding = 4; lastKnownFileType = sourcecode.c.c; path = point.c; sourceTree = "<group>"; };
		3DC1DEAC1A1C141500D657AF /* point.h */ = {isa = PBXFileReference; fileEncoding = 4; lastKnownFileType = sourcecode.c.h; path = point.h; sourceTree = "<group>"; };
/* End PBXFileReference section */

/* Begin PBXFrameworksBuildPhase section */
		3DC1DE901A1BFE4100D657AF /* Frameworks */ = {
			isa = PBXFrameworksBuildPhase;
			buildActionMask = 2147483647;
			files = (
			);
			runOnlyForDeploymentPostprocessing = 0;
		};
/* End PBXFrameworksBuildPhase section */

/* Begin PBXGroup section */
		3DC1DE8A1A1BFE4000D657AF = {
			isa = PBXGroup;
			children = (
				3DC1DE951A1BFE4100D657AF /* Matrix */,
				3DC1DE941A1BFE4100D657AF /* Products */,
			);
			sourceTree = "<group>";
		};
		3DC1DE941A1BFE4100D657AF /* Products */ = {
			isa = PBXGroup;
			children = (
				3DC1DE931A1BFE4100D657AF /* Matrix */,
			);
			name = Products;
			sourceTree = "<group>";
		};
		3DC1DE951A1BFE4100D657AF /* Matrix */ = {
			isa = PBXGroup;
			children = (
				3D91B0401A1D2F4A00F0D171 /* StarsA.csv */,
				3DC1DEAA1A1C13FF00D657AF /* cpoint */,
				3DC1DEA31A1C107300D657AF /* util */,
				3DC1DE9D1A1BFE6A00D657AF /* cmatrix */,
				3DC1DE961A1BFE4100D657AF /* main.c */,
			);
			path = Matrix;
			sourceTree = "<group>";
		};
		3DC1DE9D1A1BFE6A00D657AF /* cmatrix */ = {
			isa = PBXGroup;
			children = (
				3DC1DE9F1A1BFE6A00D657AF /* matrix.c */,
				3DC1DEA01A1BFE6A00D657AF /* matrix.h */,
			);
			path = cmatrix;
			sourceTree = "<group>";
		};
		3DC1DEA31A1C107300D657AF /* util */ = {
			isa = PBXGroup;
			children = (
				3DC1DEA51A1C122100D657AF /* MathUtil */,
				3DC1DEA61A1C12C600D657AF /* math_util.c */,
				3DC1DEA71A1C12C600D657AF /* math_util.h */,
			);
			name = util;
			sourceTree = "<group>";
		};
		3DC1DEAA1A1C13FF00D657AF /* cpoint */ = {
			isa = PBXGroup;
			children = (
				3DC1DEAB1A1C141500D657AF /* point.c */,
				3DC1DEAC1A1C141500D657AF /* point.h */,
			);
			name = cpoint;
			sourceTree = "<group>";
		};
/* End PBXGroup section */

/* Begin PBXNativeTarget section */
		3DC1DE921A1BFE4100D657AF /* Matrix */ = {
			isa = PBXNativeTarget;
			buildConfigurationList = 3DC1DE9A1A1BFE4100D657AF /* Build configuration list for PBXNativeTarget "Matrix" */;
			buildPhases = (
				3DC1DE8F1A1BFE4100D657AF /* Sources */,
				3DC1DE901A1BFE4100D657AF /* Frameworks */,
				3DC1DE911A1BFE4100D657AF /* CopyFiles */,
			);
			buildRules = (
			);
			dependencies = (
			);
			name = Matrix;
			productName = Matrix;
			productReference = 3DC1DE931A1BFE4100D657AF /* Matrix */;
			productType = "com.apple.product-type.tool";
		};
/* End PBXNativeTarget section */

/* Begin PBXProject section */
		3DC1DE8B1A1BFE4000D657AF /* Project object */ = {
			isa = PBXProject;
			attributes = {
				LastUpgradeCheck = 0610;
				ORGANIZATIONNAME = adrivazo;
				TargetAttributes = {
					3DC1DE921A1BFE4100D657AF = {
						CreatedOnToolsVersion = 6.1;
					};
				};
			};
			buildConfigurationList = 3DC1DE8E1A1BFE4000D657AF /* Build configuration list for PBXProject "Matrix" */;
			compatibilityVersion = "Xcode 3.2";
			developmentRegion = English;
			hasScannedForEncodings = 0;
			knownRegions = (
				en,
			);
			mainGroup = 3DC1DE8A1A1BFE4000D657AF;
			productRefGroup = 3DC1DE941A1BFE4100D657AF /* Products */;
			projectDirPath = "";
			projectRoot = "";
			targets = (
				3DC1DE921A1BFE4100D657AF /* Matrix */,
			);
		};
/* End PBXProject section */

/* Begin PBXSourcesBuildPhase section */
		3DC1DE8F1A1BFE4100D657AF /* Sources */ = {
			isa = PBXSourcesBuildPhase;
			buildActionMask = 2147483647;
			files = (
				3DC1DEA81A1C12C600D657AF /* math_util.c in Sources */,
				3DC1DE971A1BFE4100D657AF /* main.c in Sources */,
				3DC1DEAD1A1C141600D657AF /* point.c in Sources */,
				3DC1DEA21A1BFE6A00D657AF /* matrix.c in Sources */,
			);
			runOnlyForDeploymentPostprocessing = 0;
		};
/* End PBXSourcesBuildPhase section */

/* Begin XCBuildConfiguration section */
		3DC1DE981A1BFE4100D657AF /* Debug */ = {
			isa = XCBuildConfiguration;
			buildSettings = {
				ALWAYS_SEARCH_USER_PATHS = NO;
				CLANG_CXX_LANGUAGE_STANDARD = "gnu++0x";
				CLANG_CXX_LIBRARY = "libc++";
				CLANG_ENABLE_MODULES = YES;
				CLANG_ENABLE_OBJC_ARC = YES;
				CLANG_WARN_BOOL_CONVERSION = YES;
				CLANG_WARN_CONSTANT_CONVERSION = YES;
				CLANG_WARN_DIRECT_OBJC_ISA_USAGE = YES_ERROR;
				CLANG_WARN_EMPTY_BODY = YES;
				CLANG_WARN_ENUM_CONVERSION = YES;
				CLANG_WARN_INT_CONVERSION = YES;
				CLANG_WARN_OBJC_ROOT_CLASS = YES_ERROR;
				CLANG_WARN_UNREACHABLE_CODE = YES;
				CLANG_WARN__DUPLICATE_METHOD_MATCH = YES;
				COPY_PHASE_STRIP = NO;
				ENABLE_STRICT_OBJC_MSGSEND = YES;
				GCC_C_LANGUAGE_STANDARD = gnu99;
				GCC_DYNAMIC_NO_PIC = NO;
				GCC_OPTIMIZATION_LEVEL = 0;
				GCC_PREPROCESSOR_DEFINITIONS = (
					"DEBUG=1",
					"$(inherited)",
				);
				GCC_SYMBOLS_PRIVATE_EXTERN = NO;
				GCC_WARN_64_TO_32_BIT_CONVERSION = YES;
				GCC_WARN_ABOUT_RETURN_TYPE = YES_ERROR;
				GCC_WARN_UNDECLARED_SELECTOR = YES;
				GCC_WARN_UNINITIALIZED_AUTOS = YES_AGGRESSIVE;
				GCC_WARN_UNUSED_FUNCTION = YES;
				GCC_WARN_UNUSED_VARIABLE = YES;
				MACOSX_DEPLOYMENT_TARGET = 10.9;
				MTL_ENABLE_DEBUG_INFO = YES;
				ONLY_ACTIVE_ARCH = YES;
				SDKROOT = macosx;
			};
			name = Debug;
		};
		3DC1DE991A1BFE4100D657AF /* Release */ = {
			isa = XCBuildConfiguration;
			buildSettings = {
				ALWAYS_SEARCH_USER_PATHS = NO;
				CLANG_CXX_LANGUAGE_STANDARD = "gnu++0x";
				CLANG_CXX_LIBRARY = "libc++";
				CLANG_ENABLE_MODULES = YES;
				CLANG_ENABLE_OBJC_ARC = YES;
				CLANG_WARN_BOOL_CONVERSION = YES;
				CLANG_WARN_CONSTANT_CONVERSION = YES;
				CLANG_WARN_DIRECT_OBJC_ISA_USAGE = YES_ERROR;
				CLANG_WARN_EMPTY_BODY = YES;
				CLANG_WARN_ENUM_CONVERSION = YES;
				CLANG_WARN_INT_CONVERSION = YES;
				CLANG_WARN_OBJC_ROOT_CLASS = YES_ERROR;
				CLANG_WARN_UNREACHABLE_CODE = YES;
				CLANG_WARN__DUPLICATE_METHOD_MATCH = YES;
				COPY_PHASE_STRIP = YES;
				DEBUG_INFORMATION_FORMAT = "dwarf-with-dsym";
				ENABLE_NS_ASSERTIONS = NO;
				ENABLE_STRICT_OBJC_MSGSEND = YES;
				GCC_C_LANGUAGE_STANDARD = gnu99;
				GCC_WARN_64_TO_32_BIT_CONVERSION = YES;
				GCC_WARN_ABOUT_RETURN_TYPE = YES_ERROR;
				GCC_WARN_UNDECLARED_SELECTOR = YES;
				GCC_WARN_UNINITIALIZED_AUTOS = YES_AGGRESSIVE;
				GCC_WARN_UNUSED_FUNCTION = YES;
				GCC_WARN_UNUSED_VARIABLE = YES;
				MACOSX_DEPLOYMENT_TARGET = 10.9;
				MTL_ENABLE_DEBUG_INFO = NO;
				SDKROOT = macosx;
			};
			name = Release;
		};
		3DC1DE9B1A1BFE4100D657AF /* Debug */ = {
			isa = XCBuildConfiguration;
			buildSettings = {
				PRODUCT_NAME = "$(TARGET_NAME)";
			};
			name = Debug;
		};
		3DC1DE9C1A1BFE4100D657AF /* Release */ = {
			isa = XCBuildConfiguration;
			buildSettings = {
				PRODUCT_NAME = "$(TARGET_NAME)";
			};
			name = Release;
		};
/* End XCBuildConfiguration section */

/* Begin XCConfigurationList section */
		3DC1DE8E1A1BFE4000D657AF /* Build configuration list for PBXProject "Matrix" */ = {
			isa = XCConfigurationList;
			buildConfigurations = (
				3DC1DE981A1BFE4100D657AF /* Debug */,
				3DC1DE991A1BFE4100D657AF /* Release */,
			);
			defaultConfigurationIsVisible = 0;
			defaultConfigurationName = Release;
		};
		3DC1DE9A1A1BFE4100D657AF /* Build configuration list for PBXNativeTarget "Matrix" */ = {
			isa = XCConfigurationList;
			buildConfigurations = (
				3DC1DE9B1A1BFE4100D657AF /* Debug */,
				3DC1DE9C1A1BFE4100D657AF /* Release */,
			);
			defaultConfigurationIsVisible = 0;
			defaultConfigurationName = Release;
		};
/* End XCConfigurationList section */
	};
	rootObject = 3DC1DE8B1A1BFE4000D657AF /* Project object */;
}
